
Microsoft Visual Studio Solution File, Format Version 12.00
# Visual Studio 15
VisualStudioVersion = 15.0.28010.2016
MinimumVisualStudioVersion = 10.0.40219.1
Project("{8BC9CEB8-8B4A-11D0-8D11-00A0C91BC942}") = "Renderer Lab", "Renderer Lab\Renderer Lab.vcxproj", "{4DA93639-8982-4CF7-9DFA-E0587C17CBBF}"
EndProject
Project("{2150E333-8FDC-42A3-9474-1A3956D46DE8}") = "Solution Items", "Solution Items", "{F4EF43C3-D81D-47B7-B61D-394D4131DA48}"
EndProject
Global
	GlobalSection(SolutionConfigurationPlatforms) = preSolution
		Debug|ARM64 = Debug|ARM64
		Debug|Win32 = Debug|Win32
		Debug|x64 = Debug|x64
		Debug|x86 = Debug|x86
		Release|ARM64 = Release|ARM64
		Release|Win32 = Release|Win32
		Release|x64 = Release|x64
		Release|x86 = Release|x86
	EndGlobalSection
	GlobalSection(ProjectConfigurationPlatforms) = postSolution
		{4DA93639-8982-4CF7-9DFA-E0587C17CBBF}.Debug|ARM64.ActiveCfg = Debug|ARM64
		{4DA93639-8982-4CF7-9DFA-E0587C17CBBF}.Debug|ARM64.Build.0 = Debug|ARM64
		{4DA93639-8982-4CF7-9DFA-E0587C17CBBF}.Debug|Win32.ActiveCfg = Debug|Win32
		{4DA93639-8982-4CF7-9DFA-E0587C17CBBF}.Debug|Win32.Build.0 = Debug|Win32
		{4DA93639-8982-4CF7-9DFA-E0587C17CBBF}.Debug|x64.ActiveCfg = Debug|x64
		{4DA93639-8982-4CF7-9DFA-E0587C17CBBF}.Debug|x86.ActiveCfg = Debug|x64
		{4DA93639-8982-4CF7-9DFA-E0587C17CBBF}.Release|ARM64.ActiveCfg = Release|ARM64
		{4DA93639-8982-4CF7-9DFA-E0587C17CBBF}.Release|Win32.ActiveCfg = Release|Win32
		{4DA93639-8982-4CF7-9DFA-E0587C17CBBF}.Release|Win32.Build.0 = Release|Win32
		{4DA93639-8982-4CF7-9DFA-E0587C17CBBF}.Release|x64.ActiveCfg = Release|x64
		{4DA93639-8982-4CF7-9DFA-E0587C17CBBF}.Release|x64.Build.0 = Release|x64
		{4DA93639-8982-4CF7-9DFA-E0587C17CBBF}.Release|x86.ActiveCfg = Release|Win32
		{4DA93639-8982-4CF7-9DFA-E0587C17CBBF}.Release|x86.Build.0 = Release|Win32
	EndGlobalSection
	GlobalSection(SolutionProperties) = preSolution
		HideSolutionNode = FALSE
	EndGlobalSection
	GlobalSection(ExtensibilityGlobals) = postSolution
		SolutionGuid = {8BDE6808-85FC-4B3C-9141-FEB7C528E23C}
	EndGlobalSection
EndGlobal
